
Microsoft Visual Studio Solution File, Format Version 12.00
# Visual Studio 2013
VisualStudioVersion = 12.0.30723.0
MinimumVisualStudioVersion = 10.0.40219.1
Project("{8BC9CEB8-8B4A-11D0-8D11-00A0C91BC942}") = "GraduationThesis", "GraduationThesis\GraduationThesis.vcxproj", "{69E0D499-A756-4292-86A8-89D638556680}"
EndProject
Global
	GlobalSection(SolutionConfigurationPlatforms) = preSolution
		Debug|Win32 = Debug|Win32
		Release|Win32 = Release|Win32
	EndGlobalSection
	GlobalSection(ProjectConfigurationPlatforms) = postSolution
		{69E0D499-A756-4292-86A8-89D638556680}.Debug|Win32.ActiveCfg = Debug|Win32
		{69E0D499-A756-4292-86A8-89D638556680}.Debug|Win32.Build.0 = Debug|Win32
		{69E0D499-A756-4292-86A8-89D638556680}.Release|Win32.ActiveCfg = Release|Win32
		{69E0D499-A756-4292-86A8-89D638556680}.Release|Win32.Build.0 = Release|Win32
	EndGlobalSection
	GlobalSection(SolutionProperties) = preSolution
		HideSolutionNode = FALSE
	EndGlobalSection
EndGlobal
